
Microsoft Visual Studio Solution File, Format Version 12.00
# Visual Studio Version 17
VisualStudioVersion = 17.13.35919.96
MinimumVisualStudioVersion = 10.0.40219.1
Project("{FAE04EC0-301F-11D3-BF4B-00C04F79EFBC}") = "ArmstrongNumberChecker", "ArmstrongNumberChecker\ArmstrongNumberChecker.csproj", "{F5C84063-BE80-4E14-B2A9-AE4B78771D09}"
EndProject
Project("{FAE04EC0-301F-11D3-BF4B-00C04F79EFBC}") = "ArmstrongNumberCheck.nUnitTest", "ArmstrongNumberCheck.nUnitTest\ArmstrongNumberCheck.nUnitTest.csproj", "{42F65951-22A2-47FB-8280-F651454DD0EA}"
EndProject
Global
	GlobalSection(SolutionConfigurationPlatforms) = preSolution
		Debug|Any CPU = Debug|Any CPU
		Release|Any CPU = Release|Any CPU
	EndGlobalSection
	GlobalSection(ProjectConfigurationPlatforms) = postSolution
		{F5C84063-BE80-4E14-B2A9-AE4B78771D09}.Debug|Any CPU.ActiveCfg = Debug|Any CPU
		{F5C84063-BE80-4E14-B2A9-AE4B78771D09}.Debug|Any CPU.Build.0 = Debug|Any CPU
		{F5C84063-BE80-4E14-B2A9-AE4B78771D09}.Release|Any CPU.ActiveCfg = Release|Any CPU
		{F5C84063-BE80-4E14-B2A9-AE4B78771D09}.Release|Any CPU.Build.0 = Release|Any CPU
		{42F65951-22A2-47FB-8280-F651454DD0EA}.Debug|Any CPU.ActiveCfg = Debug|Any CPU
		{42F65951-22A2-47FB-8280-F651454DD0EA}.Debug|Any CPU.Build.0 = Debug|Any CPU
		{42F65951-22A2-47FB-8280-F651454DD0EA}.Release|Any CPU.ActiveCfg = Release|Any CPU
		{42F65951-22A2-47FB-8280-F651454DD0EA}.Release|Any CPU.Build.0 = Release|Any CPU
	EndGlobalSection
	GlobalSection(SolutionProperties) = preSolution
		HideSolutionNode = FALSE
	EndGlobalSection
	GlobalSection(ExtensibilityGlobals) = postSolution
		SolutionGuid = {4DD2FB5B-5F2B-41C9-AFE3-5174F099E091}
	EndGlobalSection
EndGlobal
